{
  "lockfileVersion": 1,
  "configVersion": 0,
  "workspaces": {
    "": {
      "name": "index-monorepo",
      "devDependencies": {
        "lint-staged": "^16.4.0",
      },
    },
    "packages/claude-plugin": {
      "name": "claude-plugin",
      "version": "1.0.0",
    },
    "packages/cli": {
      "name": "@indexnetwork/cli",
      "version": "0.9.5",
      "bin": {
        "index": "bin/index.cjs",
      },
      "devDependencies": {
        "@types/bun": "latest",
      },
      "optionalDependencies": {
        "@indexnetwork/cli-darwin-arm64": "0.9.5",
        "@indexnetwork/cli-darwin-x64": "0.9.5",
        "@indexnetwork/cli-linux-arm64": "0.9.5",
        "@indexnetwork/cli-linux-x64": "0.9.5",
      },
    },
    "packages/protocol": {
      "name": "@indexnetwork/protocol",
      "version": "0.3.2",
      "dependencies": {
        "@langchain/core": "^1.1.17",
        "@langchain/langgraph": "^1.1.2",
        "@langchain/langgraph-checkpoint-postgres": "^1.0.0",
        "@langchain/openai": "^1.2.3",
        "@modelcontextprotocol/server": "^2.0.0-alpha.2",
        "dotenv": "^16.3.1",
        "zod": "^3.22.4",
      },
      "devDependencies": {
        "@types/node": "^25.5.2",
        "typescript": "^5.0.0",
      },
    },
  },
  "packages": {
    "@cfworker/json-schema": ["@cfworker/json-schema@4.1.1", "", {}, "sha512-gAmrUZSGtKc3AiBL71iNWxDsyUC5uMaKKGdvzYsBoTW/xi42JQHl7eKV2OYzCUqvc+D2RCcf7EXY2iCyFIk6og=="],

    "@indexnetwork/cli": ["@indexnetwork/cli@workspace:packages/cli"],

    "@indexnetwork/cli-darwin-arm64": ["@indexnetwork/cli-darwin-arm64@0.9.5", "", { "os": "darwin", "cpu": "arm64", "bin": { "index": "bin/index" } }, "sha512-gDJY/TV+dAqHEXcLppice/gmnHC43NGaK8odQQcuavQlFti9GvIqDXJi0/u2pK/mFYnxWM3DYxrBZR03d0Sv3Q=="],

    "@indexnetwork/cli-darwin-x64": ["@indexnetwork/cli-darwin-x64@0.9.5", "", { "os": "darwin", "cpu": "x64", "bin": { "index": "bin/index" } }, "sha512-HkTnhjy91lLqrauULLRBTQyui0PMViazz0jbGslrHiDHB/elYSlq3E12qaJQwqp6MQEGrPfIXZ7mn/o+lpsAdw=="],

    "@indexnetwork/cli-linux-arm64": ["@indexnetwork/cli-linux-arm64@0.9.5", "", { "os": "linux", "cpu": "arm64", "bin": { "index": "bin/index" } }, "sha512-7/j8BIXsPKd+uM3pC+Th8brmPICRQZKhZxduvwEJ6B9iQF060PjkFwCf85EWmybKajK+AZlPvz7sCiOza2kH6w=="],

    "@indexnetwork/cli-linux-x64": ["@indexnetwork/cli-linux-x64@0.9.5", "", { "os": "linux", "cpu": "x64", "bin": { "index": "bin/index" } }, "sha512-cpj1aLqNMgmzHrH1IZ33oHx8bhRap10NXMdE5BecxmfLsmFjZ4La1JCd+QgFXPk+2euXVwFq31FGFaXOP+5jIQ=="],

    "@indexnetwork/protocol": ["@indexnetwork/protocol@workspace:packages/protocol"],

    "@langchain/core": ["@langchain/core@1.1.39", "", { "dependencies": { "@cfworker/json-schema": "^4.0.2", "@standard-schema/spec": "^1.1.0", "ansi-styles": "^5.0.0", "camelcase": "6", "decamelize": "1.2.0", "js-tiktoken": "^1.0.12", "langsmith": ">=0.5.0 <1.0.0", "mustache": "^4.2.0", "p-queue": "^6.6.2", "uuid": "^11.1.0", "zod": "^3.25.76 || ^4" } }, "sha512-DP9c7TREy6iA7HnywstmUAsNyJNYTFpRg2yBfQ+6H0l1HnvQzei9GsQ36GeOLxgRaD3vm9K8urCcawSC7yQpCw=="],

    "@langchain/langgraph": ["@langchain/langgraph@1.2.7", "", { "dependencies": { "@langchain/langgraph-checkpoint": "^1.0.1", "@langchain/langgraph-sdk": "~1.8.5", "@standard-schema/spec": "1.1.0", "uuid": "^10.0.0" }, "peerDependencies": { "@langchain/core": "^1.1.16", "zod": "^3.25.32 || ^4.2.0", "zod-to-json-schema": "^3.x" }, "optionalPeers": ["zod-to-json-schema"] }, "sha512-Oh3MY/q4YS3xY79JQDOz5r+48KcWDDYfTb8hQ/Y2mD4rCrJ/W4FJDKqbZHvYS4/ohd/YjuCZrcCoeLiJy4d3pQ=="],

    "@langchain/langgraph-checkpoint": ["@langchain/langgraph-checkpoint@1.0.1", "", { "dependencies": { "uuid": "^10.0.0" }, "peerDependencies": { "@langchain/core": "^1.0.1" } }, "sha512-HM0cJLRpIsSlWBQ/xuDC67l52SqZ62Bh2Y61DX+Xorqwoh5e1KxYvfCD7GnSTbWWhjBOutvnR0vPhu4orFkZfw=="],

    "@langchain/langgraph-checkpoint-postgres": ["@langchain/langgraph-checkpoint-postgres@1.0.1", "", { "dependencies": { "pg": "^8.12.0" }, "peerDependencies": { "@langchain/core": "^1.0.1", "@langchain/langgraph-checkpoint": "^1.0.0" } }, "sha512-cRXOLYZc0egMjyAQfBblWXdoBS+WKwEbCEuE+/f88XHJ1bq5jVz7aycbpjF/7F5EykG7xmybQOz5eUdg3neRzg=="],

    "@langchain/langgraph-sdk": ["@langchain/langgraph-sdk@1.8.8", "", { "dependencies": { "@types/json-schema": "^7.0.15", "p-queue": "^9.0.1", "p-retry": "^7.1.1", "uuid": "^13.0.0" }, "peerDependencies": { "@langchain/core": "^1.1.16", "react": "^18 || ^19", "react-dom": "^18 || ^19", "svelte": "^4.0.0 || ^5.0.0", "vue": "^3.0.0" }, "optionalPeers": ["@langchain/core", "react", "react-dom", "svelte", "vue"] }, "sha512-4OoqFAvPloOTZ6oPxXbJngz4FLJO8QSXb+BQV3qvNTvmfu1LQA7cCEqSNLYX9MoC340PbnDkHNgUtjajwkDHRg=="],

    "@langchain/openai": ["@langchain/openai@1.4.2", "", { "dependencies": { "js-tiktoken": "^1.0.12", "openai": "^6.32.0", "zod": "^3.25.76 || ^4" }, "peerDependencies": { "@langchain/core": "^1.1.39" } }, "sha512-xGtleIJUgSDNxFnQ/x5h5T/zGj5VFhw+LiICg/Q9NxpMaxBeG7ZbxYRuKQmH/XuIw+oM8cG+uWmn4lzMsgN0rg=="],

    "@modelcontextprotocol/server": ["@modelcontextprotocol/server@2.0.0-alpha.2", "", { "dependencies": { "zod": "^4.0" }, "peerDependencies": { "@cfworker/json-schema": "^4.1.1" }, "optionalPeers": ["@cfworker/json-schema"] }, "sha512-gmLgdHzlYM8L7Aw/+VE0kxjT25WKamtUSLNhdOgrJq5CrESvqVSoAfWSJJeNPUXNTluQ+dYDGFbKVitdsJtbPA=="],

    "@standard-schema/spec": ["@standard-schema/spec@1.1.0", "", {}, "sha512-l2aFy5jALhniG5HgqrD6jXLi/rUWrKvqN/qJx6yoJsgKhblVd+iqqU4RCXavm/jPityDo5TCvKMnpjKnOriy0w=="],

    "@types/bun": ["@types/bun@1.3.11", "", { "dependencies": { "bun-types": "1.3.11" } }, "sha512-5vPne5QvtpjGpsGYXiFyycfpDF2ECyPcTSsFBMa0fraoxiQyMJ3SmuQIGhzPg2WJuWxVBoxWJ2kClYTcw/4fAg=="],

    "@types/json-schema": ["@types/json-schema@7.0.15", "", {}, "sha512-5+fP8P8MFNC+AyZCDxrB2pkZFPGzqQWUzpSeuuVLvm8VMcorNYavBqoFcxK8bQz4Qsbn4oUEEem4wDLfcysGHA=="],

    "@types/node": ["@types/node@25.5.2", "", { "dependencies": { "undici-types": "~7.18.0" } }, "sha512-tO4ZIRKNC+MDWV4qKVZe3Ql/woTnmHDr5JD8UI5hn2pwBrHEwOEMZK7WlNb5RKB6EoJ02gwmQS9OrjuFnZYdpg=="],

    "ansi-escapes": ["ansi-escapes@7.3.0", "", { "dependencies": { "environment": "^1.0.0" } }, "sha512-BvU8nYgGQBxcmMuEeUEmNTvrMVjJNSH7RgW24vXexN4Ven6qCvy4TntnvlnwnMLTVlcRQQdbRY8NKnaIoeWDNg=="],

    "ansi-regex": ["ansi-regex@6.2.2", "", {}, "sha512-Bq3SmSpyFHaWjPk8If9yc6svM8c56dB5BAtW4Qbw5jHTwwXXcTLoRMkpDJp6VL0XzlWaCHTXrkFURMYmD0sLqg=="],

    "ansi-styles": ["ansi-styles@5.2.0", "", {}, "sha512-Cxwpt2SfTzTtXcfOlzGEee8O+c+MmUgGrNiBcXnuWxuFJHe6a5Hz7qwhwe5OgaSYI0IJvkLqWX1ASG+cJOkEiA=="],

    "base64-js": ["base64-js@1.5.1", "", {}, "sha512-AKpaYlHn8t4SVbOHCy+b5+KKgvR4vrsD8vbvrbiQJps7fKDTkjkDry6ji0rUJjC0kzbNePLwzxq8iypo41qeWA=="],

    "bun-types": ["bun-types@1.3.11", "", { "dependencies": { "@types/node": "*" } }, "sha512-1KGPpoxQWl9f6wcZh57LvrPIInQMn2TQ7jsgxqpRzg+l0QPOFvJVH7HmvHo/AiPgwXy+/Thf6Ov3EdVn1vOabg=="],

    "camelcase": ["camelcase@6.3.0", "", {}, "sha512-Gmy6FhYlCY7uOElZUSbxo2UCDH8owEk996gkbrpsgGtrJLM3J7jGxl9Ic7Qwwj4ivOE5AWZWRMecDdF7hqGjFA=="],

    "chalk": ["chalk@5.6.2", "", {}, "sha512-7NzBL0rN6fMUW+f7A6Io4h40qQlG+xGmtMxfbnH/K7TAtt8JQWVQK+6g0UXKMeVJoyV5EkkNsErQ8pVD3bLHbA=="],

    "claude-plugin": ["claude-plugin@workspace:packages/claude-plugin"],

    "cli-cursor": ["cli-cursor@5.0.0", "", { "dependencies": { "restore-cursor": "^5.0.0" } }, "sha512-aCj4O5wKyszjMmDT4tZj93kxyydN/K5zPWSCe6/0AV/AA1pqe5ZBIw0a2ZfPQV7lL5/yb5HsUreJ6UFAF1tEQw=="],

    "cli-truncate": ["cli-truncate@5.2.0", "", { "dependencies": { "slice-ansi": "^8.0.0", "string-width": "^8.2.0" } }, "sha512-xRwvIOMGrfOAnM1JYtqQImuaNtDEv9v6oIYAs4LIHwTiKee8uwvIi363igssOC0O5U04i4AlENs79LQLu9tEMw=="],

    "colorette": ["colorette@2.0.20", "", {}, "sha512-IfEDxwoWIjkeXL1eXcDiow4UbKjhLdq6/EuSVR9GMN7KVH3r9gQ83e73hsz1Nd1T3ijd5xv1wcWRYO+D6kCI2w=="],

    "commander": ["commander@14.0.3", "", {}, "sha512-H+y0Jo/T1RZ9qPP4Eh1pkcQcLRglraJaSLoyOtHxu6AapkjWVCy2Sit1QQ4x3Dng8qDlSsZEet7g5Pq06MvTgw=="],

    "console-table-printer": ["console-table-printer@2.15.0", "", { "dependencies": { "simple-wcswidth": "^1.1.2" } }, "sha512-SrhBq4hYVjLCkBVOWaTzceJalvn5K1Zq5aQA6wXC/cYjI3frKWNPEMK3sZsJfNNQApvCQmgBcc13ZKmFj8qExw=="],

    "decamelize": ["decamelize@1.2.0", "", {}, "sha512-z2S+W9X73hAUUki+N+9Za2lBlun89zigOyGrsax+KUQ6wKW4ZoWpEYBkGhQjwAjjDCkWxhY0VKEhk8wzY7F5cA=="],

    "dotenv": ["dotenv@16.6.1", "", {}, "sha512-uBq4egWHTcTt33a72vpSG0z3HnPuIl6NqYcTrKEg2azoEyl2hpW0zqlxysq2pK9HlDIHyHyakeYaYnSAwd8bow=="],

    "emoji-regex": ["emoji-regex@10.6.0", "", {}, "sha512-toUI84YS5YmxW219erniWD0CIVOo46xGKColeNQRgOzDorgBi1v4D71/OFzgD9GO2UGKIv1C3Sp8DAn0+j5w7A=="],

    "environment": ["environment@1.1.0", "", {}, "sha512-xUtoPkMggbz0MPyPiIWr1Kp4aeWJjDZ6SMvURhimjdZgsRuDplF5/s9hcgGhyXMhs+6vpnuoiZ2kFiu3FMnS8Q=="],

    "eventemitter3": ["eventemitter3@5.0.4", "", {}, "sha512-mlsTRyGaPBjPedk6Bvw+aqbsXDtoAyAzm5MO7JgU+yVRyMQ5O8bD4Kcci7BS85f93veegeCPkL8R4GLClnjLFw=="],

    "get-east-asian-width": ["get-east-asian-width@1.5.0", "", {}, "sha512-CQ+bEO+Tva/qlmw24dCejulK5pMzVnUOFOijVogd3KQs07HnRIgp8TGipvCCRT06xeYEbpbgwaCxglFyiuIcmA=="],

    "is-fullwidth-code-point": ["is-fullwidth-code-point@5.1.0", "", { "dependencies": { "get-east-asian-width": "^1.3.1" } }, "sha512-5XHYaSyiqADb4RnZ1Bdad6cPp8Toise4TzEjcOYDHZkTCbKgiUl7WTUCpNWHuxmDt91wnsZBc9xinNzopv3JMQ=="],

    "is-network-error": ["is-network-error@1.3.1", "", {}, "sha512-6QCxa49rQbmUWLfk0nuGqzql9U8uaV2H6279bRErPBHe/109hCzsLUBUHfbEtvLIHBd6hyXbgedBSHevm43Edw=="],

    "js-tiktoken": ["js-tiktoken@1.0.21", "", { "dependencies": { "base64-js": "^1.5.1" } }, "sha512-biOj/6M5qdgx5TKjDnFT1ymSpM5tbd3ylwDtrQvFQSu0Z7bBYko2dF+W/aUkXUPuk6IVpRxk/3Q2sHOzGlS36g=="],

    "langsmith": ["langsmith@0.5.16", "", { "dependencies": { "chalk": "^5.6.2", "console-table-printer": "^2.12.1", "p-queue": "^6.6.2", "semver": "^7.6.3", "uuid": "^10.0.0" }, "peerDependencies": { "@opentelemetry/api": "*", "@opentelemetry/exporter-trace-otlp-proto": "*", "@opentelemetry/sdk-trace-base": "*", "openai": "*", "ws": ">=7" }, "optionalPeers": ["@opentelemetry/api", "@opentelemetry/exporter-trace-otlp-proto", "@opentelemetry/sdk-trace-base", "openai", "ws"] }, "sha512-nSsSnTo3gjg1dnb48vb8i582zyjvtPbn+EpR6P1pNELb+4Hb4R3nt7LDy+Tl1ltw73vPGfJQtUWOl28irI1b5w=="],

    "lint-staged": ["lint-staged@16.4.0", "", { "dependencies": { "commander": "^14.0.3", "listr2": "^9.0.5", "picomatch": "^4.0.3", "string-argv": "^0.3.2", "tinyexec": "^1.0.4", "yaml": "^2.8.2" }, "bin": { "lint-staged": "bin/lint-staged.js" } }, "sha512-lBWt8hujh/Cjysw5GYVmZpFHXDCgZzhrOm8vbcUdobADZNOK/bRshr2kM3DfgrrtR1DQhfupW9gnIXOfiFi+bw=="],

    "listr2": ["listr2@9.0.5", "", { "dependencies": { "cli-truncate": "^5.0.0", "colorette": "^2.0.20", "eventemitter3": "^5.0.1", "log-update": "^6.1.0", "rfdc": "^1.4.1", "wrap-ansi": "^9.0.0" } }, "sha512-ME4Fb83LgEgwNw96RKNvKV4VTLuXfoKudAmm2lP8Kk87KaMK0/Xrx/aAkMWmT8mDb+3MlFDspfbCs7adjRxA2g=="],

    "log-update": ["log-update@6.1.0", "", { "dependencies": { "ansi-escapes": "^7.0.0", "cli-cursor": "^5.0.0", "slice-ansi": "^7.1.0", "strip-ansi": "^7.1.0", "wrap-ansi": "^9.0.0" } }, "sha512-9ie8ItPR6tjY5uYJh8K/Zrv/RMZ5VOlOWvtZdEHYSTFKZfIBPQa9tOAEeAWhd+AnIneLJ22w5fjOYtoutpWq5w=="],

    "mimic-function": ["mimic-function@5.0.1", "", {}, "sha512-VP79XUPxV2CigYP3jWwAUFSku2aKqBH7uTAapFWCBqutsbmDo96KY5o8uh6U+/YSIn5OxJnXp73beVkpqMIGhA=="],

    "mustache": ["mustache@4.2.0", "", { "bin": { "mustache": "bin/mustache" } }, "sha512-71ippSywq5Yb7/tVYyGbkBggbU8H3u5Rz56fH60jGFgr8uHwxs+aSKeqmluIVzM0m0kB7xQjKS6qPfd0b2ZoqQ=="],

    "onetime": ["onetime@7.0.0", "", { "dependencies": { "mimic-function": "^5.0.0" } }, "sha512-VXJjc87FScF88uafS3JllDgvAm+c/Slfz06lorj2uAY34rlUu0Nt+v8wreiImcrgAjjIHp1rXpTDlLOGw29WwQ=="],

    "openai": ["openai@6.33.0", "", { "peerDependencies": { "ws": "^8.18.0", "zod": "^3.25 || ^4.0" }, "optionalPeers": ["ws", "zod"], "bin": { "openai": "bin/cli" } }, "sha512-xAYN1W3YsDXJWA5F277135YfkEk6H7D3D6vWwRhJ3OEkzRgcyK8z/P5P9Gyi/wB4N8kK9kM5ZjprfvyHagKmpw=="],

    "p-finally": ["p-finally@1.0.0", "", {}, "sha512-LICb2p9CB7FS+0eR1oqWnHhp0FljGLZCWBE9aix0Uye9W8LTQPwMTYVGWQWIw9RdQiDg4+epXQODwIYJtSJaow=="],

    "p-queue": ["p-queue@6.6.2", "", { "dependencies": { "eventemitter3": "^4.0.4", "p-timeout": "^3.2.0" } }, "sha512-RwFpb72c/BhQLEXIZ5K2e+AhgNVmIejGlTgiB9MzZ0e93GRvqZ7uSi0dvRF7/XIXDeNkra2fNHBxTyPDGySpjQ=="],

    "p-retry": ["p-retry@7.1.1", "", { "dependencies": { "is-network-error": "^1.1.0" } }, "sha512-J5ApzjyRkkf601HpEeykoiCvzHQjWxPAHhyjFcEUP2SWq0+35NKh8TLhpLw+Dkq5TZBFvUM6UigdE9hIVYTl5w=="],

    "p-timeout": ["p-timeout@3.2.0", "", { "dependencies": { "p-finally": "^1.0.0" } }, "sha512-rhIwUycgwwKcP9yTOOFK/AKsAopjjCakVqLHePO3CC6Mir1Z99xT+R63jZxAT5lFZLa2inS5h+ZS2GvR99/FBg=="],

    "pg": ["pg@8.20.0", "", { "dependencies": { "pg-connection-string": "^2.12.0", "pg-pool": "^3.13.0", "pg-protocol": "^1.13.0", "pg-types": "2.2.0", "pgpass": "1.0.5" }, "optionalDependencies": { "pg-cloudflare": "^1.3.0" }, "peerDependencies": { "pg-native": ">=3.0.1" }, "optionalPeers": ["pg-native"] }, "sha512-ldhMxz2r8fl/6QkXnBD3CR9/xg694oT6DZQ2s6c/RI28OjtSOpxnPrUCGOBJ46RCUxcWdx3p6kw/xnDHjKvaRA=="],

    "pg-cloudflare": ["pg-cloudflare@1.3.0", "", {}, "sha512-6lswVVSztmHiRtD6I8hw4qP/nDm1EJbKMRhf3HCYaqud7frGysPv7FYJ5noZQdhQtN2xJnimfMtvQq21pdbzyQ=="],

    "pg-connection-string": ["pg-connection-string@2.12.0", "", {}, "sha512-U7qg+bpswf3Cs5xLzRqbXbQl85ng0mfSV/J0nnA31MCLgvEaAo7CIhmeyrmJpOr7o+zm0rXK+hNnT5l9RHkCkQ=="],

    "pg-int8": ["pg-int8@1.0.1", "", {}, "sha512-WCtabS6t3c8SkpDBUlb1kjOs7l66xsGdKpIPZsg4wR+B3+u9UAum2odSsF9tnvxg80h4ZxLWMy4pRjOsFIqQpw=="],

    "pg-pool": ["pg-pool@3.13.0", "", { "peerDependencies": { "pg": ">=8.0" } }, "sha512-gB+R+Xud1gLFuRD/QgOIgGOBE2KCQPaPwkzBBGC9oG69pHTkhQeIuejVIk3/cnDyX39av2AxomQiyPT13WKHQA=="],

    "pg-protocol": ["pg-protocol@1.13.0", "", {}, "sha512-zzdvXfS6v89r6v7OcFCHfHlyG/wvry1ALxZo4LqgUoy7W9xhBDMaqOuMiF3qEV45VqsN6rdlcehHrfDtlCPc8w=="],

    "pg-types": ["pg-types@2.2.0", "", { "dependencies": { "pg-int8": "1.0.1", "postgres-array": "~2.0.0", "postgres-bytea": "~1.0.0", "postgres-date": "~1.0.4", "postgres-interval": "^1.1.0" } }, "sha512-qTAAlrEsl8s4OiEQY69wDvcMIdQN6wdz5ojQiOy6YRMuynxenON0O5oCpJI6lshc6scgAY8qvJ2On/p+CXY0GA=="],

    "pgpass": ["pgpass@1.0.5", "", { "dependencies": { "split2": "^4.1.0" } }, "sha512-FdW9r/jQZhSeohs1Z3sI1yxFQNFvMcnmfuj4WBMUTxOrAyLMaTcE1aAMBiTlbMNaXvBCQuVi0R7hd8udDSP7ug=="],

    "picomatch": ["picomatch@4.0.4", "", {}, "sha512-QP88BAKvMam/3NxH6vj2o21R6MjxZUAd6nlwAS/pnGvN9IVLocLHxGYIzFhg6fUQ+5th6P4dv4eW9jX3DSIj7A=="],

    "postgres-array": ["postgres-array@2.0.0", "", {}, "sha512-VpZrUqU5A69eQyW2c5CA1jtLecCsN2U/bD6VilrFDWq5+5UIEVO7nazS3TEcHf1zuPYO/sqGvUvW62g86RXZuA=="],

    "postgres-bytea": ["postgres-bytea@1.0.1", "", {}, "sha512-5+5HqXnsZPE65IJZSMkZtURARZelel2oXUEO8rH83VS/hxH5vv1uHquPg5wZs8yMAfdv971IU+kcPUczi7NVBQ=="],

    "postgres-date": ["postgres-date@1.0.7", "", {}, "sha512-suDmjLVQg78nMK2UZ454hAG+OAW+HQPZ6n++TNDUX+L0+uUlLywnoxJKDou51Zm+zTCjrCl0Nq6J9C5hP9vK/Q=="],

    "postgres-interval": ["postgres-interval@1.2.0", "", { "dependencies": { "xtend": "^4.0.0" } }, "sha512-9ZhXKM/rw350N1ovuWHbGxnGh/SNJ4cnxHiM0rxE4VN41wsg8P8zWn9hv/buK00RP4WvlOyr/RBDiptyxVbkZQ=="],

    "restore-cursor": ["restore-cursor@5.1.0", "", { "dependencies": { "onetime": "^7.0.0", "signal-exit": "^4.1.0" } }, "sha512-oMA2dcrw6u0YfxJQXm342bFKX/E4sG9rbTzO9ptUcR/e8A33cHuvStiYOwH7fszkZlZ1z/ta9AAoPk2F4qIOHA=="],

    "rfdc": ["rfdc@1.4.1", "", {}, "sha512-q1b3N5QkRUWUl7iyylaaj3kOpIT0N2i9MqIEQXP73GVsN9cw3fdx8X63cEmWhJGi2PPCF23Ijp7ktmd39rawIA=="],

    "semver": ["semver@7.7.4", "", { "bin": { "semver": "bin/semver.js" } }, "sha512-vFKC2IEtQnVhpT78h1Yp8wzwrf8CM+MzKMHGJZfBtzhZNycRFnXsHk6E5TxIkkMsgNS7mdX3AGB7x2QM2di4lA=="],

    "signal-exit": ["signal-exit@4.1.0", "", {}, "sha512-bzyZ1e88w9O1iNJbKnOlvYTrWPDl46O1bG0D3XInv+9tkPrxrN8jUUTiFlDkkmKWgn1M6CfIA13SuGqOa9Korw=="],

    "simple-wcswidth": ["simple-wcswidth@1.1.2", "", {}, "sha512-j7piyCjAeTDSjzTSQ7DokZtMNwNlEAyxqSZeCS+CXH7fJ4jx3FuJ/mTW3mE+6JLs4VJBbcll0Kjn+KXI5t21Iw=="],

    "slice-ansi": ["slice-ansi@8.0.0", "", { "dependencies": { "ansi-styles": "^6.2.3", "is-fullwidth-code-point": "^5.1.0" } }, "sha512-stxByr12oeeOyY2BlviTNQlYV5xOj47GirPr4yA1hE9JCtxfQN0+tVbkxwCtYDQWhEKWFHsEK48ORg5jrouCAg=="],

    "split2": ["split2@4.2.0", "", {}, "sha512-UcjcJOWknrNkF6PLX83qcHM6KHgVKNkV62Y8a5uYDVv9ydGQVwAHMKqHdJje1VTWpljG0WYpCDhrCdAOYH4TWg=="],

    "string-argv": ["string-argv@0.3.2", "", {}, "sha512-aqD2Q0144Z+/RqG52NeHEkZauTAUWJO8c6yTftGJKO3Tja5tUgIfmIl6kExvhtxSDP7fXB6DvzkfMpCd/F3G+Q=="],

    "string-width": ["string-width@8.2.0", "", { "dependencies": { "get-east-asian-width": "^1.5.0", "strip-ansi": "^7.1.2" } }, "sha512-6hJPQ8N0V0P3SNmP6h2J99RLuzrWz2gvT7VnK5tKvrNqJoyS9W4/Fb8mo31UiPvy00z7DQXkP2hnKBVav76thw=="],

    "strip-ansi": ["strip-ansi@7.2.0", "", { "dependencies": { "ansi-regex": "^6.2.2" } }, "sha512-yDPMNjp4WyfYBkHnjIRLfca1i6KMyGCtsVgoKe/z1+6vukgaENdgGBZt+ZmKPc4gavvEZ5OgHfHdrazhgNyG7w=="],

    "tinyexec": ["tinyexec@1.0.4", "", {}, "sha512-u9r3uZC0bdpGOXtlxUIdwf9pkmvhqJdrVCH9fapQtgy/OeTTMZ1nqH7agtvEfmGui6e1XxjcdrlxvxJvc3sMqw=="],

    "typescript": ["typescript@5.9.3", "", { "bin": { "tsc": "bin/tsc", "tsserver": "bin/tsserver" } }, "sha512-jl1vZzPDinLr9eUt3J/t7V6FgNEw9QjvBPdysz9KfQDD41fQrC2Y4vKQdiaUpFT4bXlb1RHhLpp8wtm6M5TgSw=="],

    "undici-types": ["undici-types@7.18.2", "", {}, "sha512-AsuCzffGHJybSaRrmr5eHr81mwJU3kjw6M+uprWvCXiNeN9SOGwQ3Jn8jb8m3Z6izVgknn1R0FTCEAP2QrLY/w=="],

    "uuid": ["uuid@11.1.0", "", { "bin": { "uuid": "dist/esm/bin/uuid" } }, "sha512-0/A9rDy9P7cJ+8w1c9WD9V//9Wj15Ce2MPz8Ri6032usz+NfePxx5AcN3bN+r6ZL6jEo066/yNYB3tn4pQEx+A=="],

    "wrap-ansi": ["wrap-ansi@9.0.2", "", { "dependencies": { "ansi-styles": "^6.2.1", "string-width": "^7.0.0", "strip-ansi": "^7.1.0" } }, "sha512-42AtmgqjV+X1VpdOfyTGOYRi0/zsoLqtXQckTmqTeybT+BDIbM/Guxo7x3pE2vtpr1ok6xRqM9OpBe+Jyoqyww=="],

    "xtend": ["xtend@4.0.2", "", {}, "sha512-LKYU1iAXJXUgAXn9URjiu+MWhyUXHsvfp7mcuYm9dSUKK0/CjtrUwFAxD82/mCWbtLsGjFIad0wIsod4zrTAEQ=="],

    "yaml": ["yaml@2.8.3", "", { "bin": { "yaml": "bin.mjs" } }, "sha512-AvbaCLOO2Otw/lW5bmh9d/WEdcDFdQp2Z2ZUH3pX9U2ihyUY0nvLv7J6TrWowklRGPYbB/IuIMfYgxaCPg5Bpg=="],

    "zod": ["zod@3.25.76", "", {}, "sha512-gzUt/qt81nXsFGKIFcC3YnfEAx5NkunCfnDlvuBSSFS02bcXu4Lmea0AFIUwbLWxWPx3d9p8S5QoaujKcNQxcQ=="],

    "@langchain/langgraph/uuid": ["uuid@10.0.0", "", { "bin": { "uuid": "dist/bin/uuid" } }, "sha512-8XkAphELsDnEGrDxUOHB3RGvXz6TeuYSGEZBOjtTtPm2lwhGBjLgOzLHB63IUWfBpNucQjND6d3AOudO+H3RWQ=="],

    "@langchain/langgraph-checkpoint/uuid": ["uuid@10.0.0", "", { "bin": { "uuid": "dist/bin/uuid" } }, "sha512-8XkAphELsDnEGrDxUOHB3RGvXz6TeuYSGEZBOjtTtPm2lwhGBjLgOzLHB63IUWfBpNucQjND6d3AOudO+H3RWQ=="],

    "@langchain/langgraph-sdk/p-queue": ["p-queue@9.1.1", "", { "dependencies": { "eventemitter3": "^5.0.1", "p-timeout": "^7.0.0" } }, "sha512-yQS1vV2V7Q14MQrgD8jMNY5owPuGgVHVdSK8NqmKpOVajnjbaeMa6uLOzTALPtvJ7Vo4bw0BGsw7qfUT8z24Ig=="],

    "@langchain/langgraph-sdk/uuid": ["uuid@13.0.0", "", { "bin": { "uuid": "dist-node/bin/uuid" } }, "sha512-XQegIaBTVUjSHliKqcnFqYypAd4S+WCYt5NIeRs6w/UAry7z8Y9j5ZwRRL4kzq9U3sD6v+85er9FvkEaBpji2w=="],

    "@modelcontextprotocol/server/zod": ["zod@4.3.6", "", {}, "sha512-rftlrkhHZOcjDwkGlnUtZZkvaPHCsDATp4pGpuOOMDaTdDDXF91wuVDJoWoPsKX/3YPQ5fHuF3STjcYyKr+Qhg=="],

    "langsmith/uuid": ["uuid@10.0.0", "", { "bin": { "uuid": "dist/bin/uuid" } }, "sha512-8XkAphELsDnEGrDxUOHB3RGvXz6TeuYSGEZBOjtTtPm2lwhGBjLgOzLHB63IUWfBpNucQjND6d3AOudO+H3RWQ=="],

    "log-update/slice-ansi": ["slice-ansi@7.1.2", "", { "dependencies": { "ansi-styles": "^6.2.1", "is-fullwidth-code-point": "^5.0.0" } }, "sha512-iOBWFgUX7caIZiuutICxVgX1SdxwAVFFKwt1EvMYYec/NWO5meOJ6K5uQxhrYBdQJne4KxiqZc+KptFOWFSI9w=="],

    "p-queue/eventemitter3": ["eventemitter3@4.0.7", "", {}, "sha512-8guHBZCwKnFhYdHr2ysuRWErTwhoN2X8XELRlrRwpmfeY2jjuUN4taQMsULKUVo1K4DvZl+0pgfyoysHxvmvEw=="],

    "slice-ansi/ansi-styles": ["ansi-styles@6.2.3", "", {}, "sha512-4Dj6M28JB+oAH8kFkTLUo+a2jwOFkuqb3yucU0CANcRRUbxS0cP0nZYCGjcc3BNXwRIsUVmDGgzawme7zvJHvg=="],

    "wrap-ansi/ansi-styles": ["ansi-styles@6.2.3", "", {}, "sha512-4Dj6M28JB+oAH8kFkTLUo+a2jwOFkuqb3yucU0CANcRRUbxS0cP0nZYCGjcc3BNXwRIsUVmDGgzawme7zvJHvg=="],

    "wrap-ansi/string-width": ["string-width@7.2.0", "", { "dependencies": { "emoji-regex": "^10.3.0", "get-east-asian-width": "^1.0.0", "strip-ansi": "^7.1.0" } }, "sha512-tsaTIkKW9b4N+AEj+SVA+WhJzV7/zMhcSu78mLKWSk7cXMOSHsBKFWUs0fWwq8QyK3MgJBQRX6Gbi4kYbdvGkQ=="],

    "@langchain/langgraph-sdk/p-queue/p-timeout": ["p-timeout@7.0.1", "", {}, "sha512-AxTM2wDGORHGEkPCt8yqxOTMgpfbEHqF51f/5fJCmwFC3C/zNcGT63SymH2ttOAaiIws2zVg4+izQCjrakcwHg=="],

    "log-update/slice-ansi/ansi-styles": ["ansi-styles@6.2.3", "", {}, "sha512-4Dj6M28JB+oAH8kFkTLUo+a2jwOFkuqb3yucU0CANcRRUbxS0cP0nZYCGjcc3BNXwRIsUVmDGgzawme7zvJHvg=="],
  }
}
