{
  "lockfileVersion": 1,
  "workspaces": {
    "": {
      "name": "@indexnetwork/cli",
      "devDependencies": {
        "@types/bun": "latest",
      },
      "optionalDependencies": {
        "@indexnetwork/cli-darwin-arm64": "0.9.1",
        "@indexnetwork/cli-darwin-x64": "0.9.1",
        "@indexnetwork/cli-linux-arm64": "0.9.1",
        "@indexnetwork/cli-linux-x64": "0.9.1",
      },
    },
  },
  "packages": {
    "@indexnetwork/cli-darwin-arm64": ["@indexnetwork/cli-darwin-arm64@0.9.1", "", { "os": "darwin", "cpu": "arm64", "bin": { "index": "bin/index" } }, "sha512-VR5TXNXTgyciF1tfrAgamHFOHt/9LJ4/IVmfM/Y043sjTJONW7WLtWR4u9YWKY2Sq4Ezy1JlMzVzMbpMbrDnww=="],

    "@indexnetwork/cli-darwin-x64": ["@indexnetwork/cli-darwin-x64@0.9.1", "", { "os": "darwin", "cpu": "x64", "bin": { "index": "bin/index" } }, "sha512-uNfvYdrXrwiIox18tQUCgVfAbD3KIwzJY/iqPKLE+LEd+h4NYfl1l+Zm/kQIwlz67Re/k1jSL3c3L2iW/YhG/g=="],

    "@indexnetwork/cli-linux-arm64": ["@indexnetwork/cli-linux-arm64@0.9.1", "", { "os": "linux", "cpu": "arm64", "bin": { "index": "bin/index" } }, "sha512-XDbIWe7Pg6iPtjRfdBt/x4VcDOqAQ7HTd5XWYrmyruQXmP0s5xqZRuEm3VaPZ6bX16iSwEnSex0xUgN1+rNZNA=="],

    "@indexnetwork/cli-linux-x64": ["@indexnetwork/cli-linux-x64@0.9.1", "", { "os": "linux", "cpu": "x64", "bin": { "index": "bin/index" } }, "sha512-6FoWJkaGnkr5YnAl7fH5HGr/KhVj5iyGVihr94fQyPNjmqNfRwlqHY0TroVbcaGzemjhngeDxf667sMKPGghyw=="],

    "@types/bun": ["@types/bun@1.3.11", "", { "dependencies": { "bun-types": "1.3.11" } }, "sha512-5vPne5QvtpjGpsGYXiFyycfpDF2ECyPcTSsFBMa0fraoxiQyMJ3SmuQIGhzPg2WJuWxVBoxWJ2kClYTcw/4fAg=="],

    "@types/node": ["@types/node@25.5.0", "", { "dependencies": { "undici-types": "~7.18.0" } }, "sha512-jp2P3tQMSxWugkCUKLRPVUpGaL5MVFwF8RDuSRztfwgN1wmqJeMSbKlnEtQqU8UrhTmzEmZdu2I6v2dpp7XIxw=="],

    "bun-types": ["bun-types@1.3.11", "", { "dependencies": { "@types/node": "*" } }, "sha512-1KGPpoxQWl9f6wcZh57LvrPIInQMn2TQ7jsgxqpRzg+l0QPOFvJVH7HmvHo/AiPgwXy+/Thf6Ov3EdVn1vOabg=="],

    "undici-types": ["undici-types@7.18.2", "", {}, "sha512-AsuCzffGHJybSaRrmr5eHr81mwJU3kjw6M+uprWvCXiNeN9SOGwQ3Jn8jb8m3Z6izVgknn1R0FTCEAP2QrLY/w=="],
  }
}
